
Microsoft Visual Studio Solution File, Format Version 12.00
# Visual Studio Version 17
VisualStudioVersion = 17.7.34221.43
MinimumVisualStudioVersion = 10.0.40219.1
Project("{FAE04EC0-301F-11D3-BF4B-00C04F79EFBC}") = "PROG301_MVC_Currency", "PROG301_MVC_Currency\PROG301_MVC_Currency.csproj", "{92061102-954A-415D-A1BA-DC891A516B1B}"
EndProject
Global
	GlobalSection(SolutionConfigurationPlatforms) = preSolution
		Debug|Any CPU = Debug|Any CPU
		Release|Any CPU = Release|Any CPU
	EndGlobalSection
	GlobalSection(ProjectConfigurationPlatforms) = postSolution
		{92061102-954A-415D-A1BA-DC891A516B1B}.Debug|Any CPU.ActiveCfg = Debug|Any CPU
		{92061102-954A-415D-A1BA-DC891A516B1B}.Debug|Any CPU.Build.0 = Debug|Any CPU
		{92061102-954A-415D-A1BA-DC891A516B1B}.Release|Any CPU.ActiveCfg = Release|Any CPU
		{92061102-954A-415D-A1BA-DC891A516B1B}.Release|Any CPU.Build.0 = Release|Any CPU
	EndGlobalSection
	GlobalSection(SolutionProperties) = preSolution
		HideSolutionNode = FALSE
	EndGlobalSection
	GlobalSection(ExtensibilityGlobals) = postSolution
		SolutionGuid = {7FE1018C-D14D-4B13-8D15-C96662735EEE}
	EndGlobalSection
EndGlobal
